
Microsoft Visual Studio Solution File, Format Version 12.00
# Visual Studio Version 17
VisualStudioVersion = 17.3.32922.545
MinimumVisualStudioVersion = 10.0.40219.1
Project("{2150E333-8FDC-42A3-9474-1A3956D46DE8}") = "Lesson1", "Lesson1", "{B7C7EC20-8B78-4D40-84B3-A69814513653}"
EndProject
Project("{9A19103F-16F7-4668-BE54-9A1E7A4F7556}") = "Task2", "Task2\Task2.csproj", "{0C64BCCA-3D6D-487D-BE27-09659B403C67}"
EndProject
Project("{9A19103F-16F7-4668-BE54-9A1E7A4F7556}") = "Task4", "Task4\Task4.csproj", "{9F08E341-F3E8-4670-8F92-C616862E5A90}"
EndProject
Project("{9A19103F-16F7-4668-BE54-9A1E7A4F7556}") = "Task6", "Task6\Task6.csproj", "{657B9BD6-A0DB-456E-9270-1C5E3253A577}"
EndProject
Project("{9A19103F-16F7-4668-BE54-9A1E7A4F7556}") = "Task8", "Task8\Task8.csproj", "{C119F655-DF86-424D-A9E0-04C55AD0CA03}"
EndProject
Project("{FAE04EC0-301F-11D3-BF4B-00C04F79EFBC}") = "Task19", "Task19\Task19.csproj", "{64AEADC2-74DC-426A-AF85-162F32653F02}"
EndProject
Project("{FAE04EC0-301F-11D3-BF4B-00C04F79EFBC}") = "Task21", "Task21\Task21.csproj", "{2E472524-4736-4F5E-8D6C-8DA91D60F0B1}"
EndProject
Project("{FAE04EC0-301F-11D3-BF4B-00C04F79EFBC}") = "Task23", "Task23\Task23.csproj", "{2946A767-476F-4DE9-8DCC-5F723236E049}"
EndProject
Project("{FAE04EC0-301F-11D3-BF4B-00C04F79EFBC}") = "Task10", "Task10\Task10.csproj", "{A60455EB-524F-416C-B437-E4AB8A7CC7C7}"
EndProject
Global
	GlobalSection(SolutionConfigurationPlatforms) = preSolution
		Debug|Any CPU = Debug|Any CPU
		Release|Any CPU = Release|Any CPU
	EndGlobalSection
	GlobalSection(ProjectConfigurationPlatforms) = postSolution
		{0C64BCCA-3D6D-487D-BE27-09659B403C67}.Debug|Any CPU.ActiveCfg = Debug|Any CPU
		{0C64BCCA-3D6D-487D-BE27-09659B403C67}.Debug|Any CPU.Build.0 = Debug|Any CPU
		{0C64BCCA-3D6D-487D-BE27-09659B403C67}.Release|Any CPU.ActiveCfg = Release|Any CPU
		{0C64BCCA-3D6D-487D-BE27-09659B403C67}.Release|Any CPU.Build.0 = Release|Any CPU
		{9F08E341-F3E8-4670-8F92-C616862E5A90}.Debug|Any CPU.ActiveCfg = Debug|Any CPU
		{9F08E341-F3E8-4670-8F92-C616862E5A90}.Debug|Any CPU.Build.0 = Debug|Any CPU
		{9F08E341-F3E8-4670-8F92-C616862E5A90}.Release|Any CPU.ActiveCfg = Release|Any CPU
		{9F08E341-F3E8-4670-8F92-C616862E5A90}.Release|Any CPU.Build.0 = Release|Any CPU
		{657B9BD6-A0DB-456E-9270-1C5E3253A577}.Debug|Any CPU.ActiveCfg = Debug|Any CPU
		{657B9BD6-A0DB-456E-9270-1C5E3253A577}.Debug|Any CPU.Build.0 = Debug|Any CPU
		{657B9BD6-A0DB-456E-9270-1C5E3253A577}.Release|Any CPU.ActiveCfg = Release|Any CPU
		{657B9BD6-A0DB-456E-9270-1C5E3253A577}.Release|Any CPU.Build.0 = Release|Any CPU
		{C119F655-DF86-424D-A9E0-04C55AD0CA03}.Debug|Any CPU.ActiveCfg = Debug|Any CPU
		{C119F655-DF86-424D-A9E0-04C55AD0CA03}.Debug|Any CPU.Build.0 = Debug|Any CPU
		{C119F655-DF86-424D-A9E0-04C55AD0CA03}.Release|Any CPU.ActiveCfg = Release|Any CPU
		{C119F655-DF86-424D-A9E0-04C55AD0CA03}.Release|Any CPU.Build.0 = Release|Any CPU
		{64AEADC2-74DC-426A-AF85-162F32653F02}.Debug|Any CPU.ActiveCfg = Debug|Any CPU
		{64AEADC2-74DC-426A-AF85-162F32653F02}.Debug|Any CPU.Build.0 = Debug|Any CPU
		{64AEADC2-74DC-426A-AF85-162F32653F02}.Release|Any CPU.ActiveCfg = Release|Any CPU
		{64AEADC2-74DC-426A-AF85-162F32653F02}.Release|Any CPU.Build.0 = Release|Any CPU
		{2E472524-4736-4F5E-8D6C-8DA91D60F0B1}.Debug|Any CPU.ActiveCfg = Debug|Any CPU
		{2E472524-4736-4F5E-8D6C-8DA91D60F0B1}.Debug|Any CPU.Build.0 = Debug|Any CPU
		{2E472524-4736-4F5E-8D6C-8DA91D60F0B1}.Release|Any CPU.ActiveCfg = Release|Any CPU
		{2E472524-4736-4F5E-8D6C-8DA91D60F0B1}.Release|Any CPU.Build.0 = Release|Any CPU
		{2946A767-476F-4DE9-8DCC-5F723236E049}.Debug|Any CPU.ActiveCfg = Debug|Any CPU
		{2946A767-476F-4DE9-8DCC-5F723236E049}.Debug|Any CPU.Build.0 = Debug|Any CPU
		{2946A767-476F-4DE9-8DCC-5F723236E049}.Release|Any CPU.ActiveCfg = Release|Any CPU
		{2946A767-476F-4DE9-8DCC-5F723236E049}.Release|Any CPU.Build.0 = Release|Any CPU
		{A60455EB-524F-416C-B437-E4AB8A7CC7C7}.Debug|Any CPU.ActiveCfg = Debug|Any CPU
		{A60455EB-524F-416C-B437-E4AB8A7CC7C7}.Debug|Any CPU.Build.0 = Debug|Any CPU
		{A60455EB-524F-416C-B437-E4AB8A7CC7C7}.Release|Any CPU.ActiveCfg = Release|Any CPU
		{A60455EB-524F-416C-B437-E4AB8A7CC7C7}.Release|Any CPU.Build.0 = Release|Any CPU
	EndGlobalSection
	GlobalSection(SolutionProperties) = preSolution
		HideSolutionNode = FALSE
	EndGlobalSection
	GlobalSection(NestedProjects) = preSolution
		{0C64BCCA-3D6D-487D-BE27-09659B403C67} = {B7C7EC20-8B78-4D40-84B3-A69814513653}
		{9F08E341-F3E8-4670-8F92-C616862E5A90} = {B7C7EC20-8B78-4D40-84B3-A69814513653}
		{657B9BD6-A0DB-456E-9270-1C5E3253A577} = {B7C7EC20-8B78-4D40-84B3-A69814513653}
		{C119F655-DF86-424D-A9E0-04C55AD0CA03} = {B7C7EC20-8B78-4D40-84B3-A69814513653}
		{64AEADC2-74DC-426A-AF85-162F32653F02} = {B7C7EC20-8B78-4D40-84B3-A69814513653}
		{2E472524-4736-4F5E-8D6C-8DA91D60F0B1} = {B7C7EC20-8B78-4D40-84B3-A69814513653}
		{2946A767-476F-4DE9-8DCC-5F723236E049} = {B7C7EC20-8B78-4D40-84B3-A69814513653}
		{A60455EB-524F-416C-B437-E4AB8A7CC7C7} = {B7C7EC20-8B78-4D40-84B3-A69814513653}
	EndGlobalSection
	GlobalSection(ExtensibilityGlobals) = postSolution
		SolutionGuid = {6D709C28-F808-4010-8A44-AEA72BE063C5}
	EndGlobalSection
EndGlobal
