
Microsoft Visual Studio Solution File, Format Version 12.00
# Visual Studio Version 17
VisualStudioVersion = 17.3.32922.545
MinimumVisualStudioVersion = 10.0.40219.1
Project("{2150E333-8FDC-42A3-9474-1A3956D46DE8}") = "Lesson1", "Lesson1", "{B7C7EC20-8B78-4D40-84B3-A69814513653}"
EndProject
Project("{9A19103F-16F7-4668-BE54-9A1E7A4F7556}") = "Task2", "Task2\Task2.csproj", "{0C64BCCA-3D6D-487D-BE27-09659B403C67}"
EndProject
Project("{9A19103F-16F7-4668-BE54-9A1E7A4F7556}") = "Task4", "Task4\Task4.csproj", "{9F08E341-F3E8-4670-8F92-C616862E5A90}"
EndProject
Project("{9A19103F-16F7-4668-BE54-9A1E7A4F7556}") = "Task6", "Task6\Task6.csproj", "{657B9BD6-A0DB-456E-9270-1C5E3253A577}"
EndProject
Project("{9A19103F-16F7-4668-BE54-9A1E7A4F7556}") = "Task8", "Task8\Task8.csproj", "{C119F655-DF86-424D-A9E0-04C55AD0CA03}"
EndProject
Project("{9A19103F-16F7-4668-BE54-9A1E7A4F7556}") = "Task19", "Task19\Task19.csproj", "{64AEADC2-74DC-426A-AF85-162F32653F02}"
EndProject
Project("{9A19103F-16F7-4668-BE54-9A1E7A4F7556}") = "Task21", "Task21\Task21.csproj", "{2E472524-4736-4F5E-8D6C-8DA91D60F0B1}"
EndProject
Project("{9A19103F-16F7-4668-BE54-9A1E7A4F7556}") = "Task23", "Task23\Task23.csproj", "{2946A767-476F-4DE9-8DCC-5F723236E049}"
EndProject
Project("{9A19103F-16F7-4668-BE54-9A1E7A4F7556}") = "Task10", "Task10\Task10.csproj", "{A60455EB-524F-416C-B437-E4AB8A7CC7C7}"
EndProject
Project("{9A19103F-16F7-4668-BE54-9A1E7A4F7556}") = "Task13", "Task13\Task13.csproj", "{238106A5-A0C3-48DC-9EB2-4553EE63492B}"
EndProject
Project("{9A19103F-16F7-4668-BE54-9A1E7A4F7556}") = "Task15", "Task15\Task15.csproj", "{1BFF1CB5-2452-47A2-AAF4-C691B37AADCC}"
EndProject
Project("{9A19103F-16F7-4668-BE54-9A1E7A4F7556}") = "Task25", "Task25\Task25.csproj", "{68E1DBA8-B576-4BFD-A6B9-E2E20E022E4D}"
EndProject
Project("{9A19103F-16F7-4668-BE54-9A1E7A4F7556}") = "Task27", "Task27\Task27.csproj", "{C1CB120F-3388-492B-8D8D-6852F6D39F85}"
EndProject
Project("{9A19103F-16F7-4668-BE54-9A1E7A4F7556}") = "Task29", "Task29\Task29.csproj", "{E25A8394-F526-4748-8661-732A8D621886}"
EndProject
Project("{9A19103F-16F7-4668-BE54-9A1E7A4F7556}") = "Task34", "Task34\Task34.csproj", "{B5B68CE1-8740-4578-945F-25B8098E6AC0}"
EndProject
Project("{9A19103F-16F7-4668-BE54-9A1E7A4F7556}") = "Task35", "Task35\Task35.csproj", "{140AF360-B57F-421A-9845-245C69A1BC15}"
EndProject
Project("{9A19103F-16F7-4668-BE54-9A1E7A4F7556}") = "Task36", "Task36\Task36.csproj", "{30ABFE06-6952-4481-A84C-E97538E3D493}"
EndProject
Project("{9A19103F-16F7-4668-BE54-9A1E7A4F7556}") = "Task38", "Task38\Task38.csproj", "{E4CF4C2C-E8BD-45A1-B501-D2502F2C2983}"
EndProject
Project("{9A19103F-16F7-4668-BE54-9A1E7A4F7556}") = "Task41", "Task41\Task41.csproj", "{55AC78DF-CD5B-48D5-90E6-C7AA0DC46F65}"
EndProject
Project("{9A19103F-16F7-4668-BE54-9A1E7A4F7556}") = "Task43", "Task43\Task43.csproj", "{9A713A0F-65E2-494C-B770-42A9E7BAA953}"
EndProject
Project("{9A19103F-16F7-4668-BE54-9A1E7A4F7556}") = "Task43recursion", "Task43recursion\Task43recursion.csproj", "{57DC1090-B779-482B-9590-219B724B03AE}"
EndProject
Project("{9A19103F-16F7-4668-BE54-9A1E7A4F7556}") = "Task47", "Task47\Task47.csproj", "{32E7657C-E587-4E7B-9DC9-9B94711C818C}"
EndProject
Project("{9A19103F-16F7-4668-BE54-9A1E7A4F7556}") = "Task50", "Task50\Task50.csproj", "{C6BF89BB-F7E6-4529-A9EC-75A67A495BE5}"
EndProject
Project("{9A19103F-16F7-4668-BE54-9A1E7A4F7556}") = "Task52", "Task52\Task52.csproj", "{6AEC134D-C64A-4EE7-A59A-0C11632C8A8C}"
EndProject
Project("{FAE04EC0-301F-11D3-BF4B-00C04F79EFBC}") = "Task54", "Task54\Task54.csproj", "{BFB82646-25C5-4FC6-936B-C398E7DA2B8F}"
EndProject
Project("{FAE04EC0-301F-11D3-BF4B-00C04F79EFBC}") = "Task56", "Task56\Task56.csproj", "{B223DB95-4AF5-4F61-89F1-EC384739F25E}"
EndProject
Global
	GlobalSection(SolutionConfigurationPlatforms) = preSolution
		Debug|Any CPU = Debug|Any CPU
		Release|Any CPU = Release|Any CPU
	EndGlobalSection
	GlobalSection(ProjectConfigurationPlatforms) = postSolution
		{0C64BCCA-3D6D-487D-BE27-09659B403C67}.Debug|Any CPU.ActiveCfg = Debug|Any CPU
		{0C64BCCA-3D6D-487D-BE27-09659B403C67}.Debug|Any CPU.Build.0 = Debug|Any CPU
		{0C64BCCA-3D6D-487D-BE27-09659B403C67}.Release|Any CPU.ActiveCfg = Release|Any CPU
		{0C64BCCA-3D6D-487D-BE27-09659B403C67}.Release|Any CPU.Build.0 = Release|Any CPU
		{9F08E341-F3E8-4670-8F92-C616862E5A90}.Debug|Any CPU.ActiveCfg = Debug|Any CPU
		{9F08E341-F3E8-4670-8F92-C616862E5A90}.Debug|Any CPU.Build.0 = Debug|Any CPU
		{9F08E341-F3E8-4670-8F92-C616862E5A90}.Release|Any CPU.ActiveCfg = Release|Any CPU
		{9F08E341-F3E8-4670-8F92-C616862E5A90}.Release|Any CPU.Build.0 = Release|Any CPU
		{657B9BD6-A0DB-456E-9270-1C5E3253A577}.Debug|Any CPU.ActiveCfg = Debug|Any CPU
		{657B9BD6-A0DB-456E-9270-1C5E3253A577}.Debug|Any CPU.Build.0 = Debug|Any CPU
		{657B9BD6-A0DB-456E-9270-1C5E3253A577}.Release|Any CPU.ActiveCfg = Release|Any CPU
		{657B9BD6-A0DB-456E-9270-1C5E3253A577}.Release|Any CPU.Build.0 = Release|Any CPU
		{C119F655-DF86-424D-A9E0-04C55AD0CA03}.Debug|Any CPU.ActiveCfg = Debug|Any CPU
		{C119F655-DF86-424D-A9E0-04C55AD0CA03}.Debug|Any CPU.Build.0 = Debug|Any CPU
		{C119F655-DF86-424D-A9E0-04C55AD0CA03}.Release|Any CPU.ActiveCfg = Release|Any CPU
		{C119F655-DF86-424D-A9E0-04C55AD0CA03}.Release|Any CPU.Build.0 = Release|Any CPU
		{64AEADC2-74DC-426A-AF85-162F32653F02}.Debug|Any CPU.ActiveCfg = Debug|Any CPU
		{64AEADC2-74DC-426A-AF85-162F32653F02}.Debug|Any CPU.Build.0 = Debug|Any CPU
		{64AEADC2-74DC-426A-AF85-162F32653F02}.Release|Any CPU.ActiveCfg = Release|Any CPU
		{64AEADC2-74DC-426A-AF85-162F32653F02}.Release|Any CPU.Build.0 = Release|Any CPU
		{2E472524-4736-4F5E-8D6C-8DA91D60F0B1}.Debug|Any CPU.ActiveCfg = Debug|Any CPU
		{2E472524-4736-4F5E-8D6C-8DA91D60F0B1}.Debug|Any CPU.Build.0 = Debug|Any CPU
		{2E472524-4736-4F5E-8D6C-8DA91D60F0B1}.Release|Any CPU.ActiveCfg = Release|Any CPU
		{2E472524-4736-4F5E-8D6C-8DA91D60F0B1}.Release|Any CPU.Build.0 = Release|Any CPU
		{2946A767-476F-4DE9-8DCC-5F723236E049}.Debug|Any CPU.ActiveCfg = Debug|Any CPU
		{2946A767-476F-4DE9-8DCC-5F723236E049}.Debug|Any CPU.Build.0 = Debug|Any CPU
		{2946A767-476F-4DE9-8DCC-5F723236E049}.Release|Any CPU.ActiveCfg = Release|Any CPU
		{2946A767-476F-4DE9-8DCC-5F723236E049}.Release|Any CPU.Build.0 = Release|Any CPU
		{A60455EB-524F-416C-B437-E4AB8A7CC7C7}.Debug|Any CPU.ActiveCfg = Debug|Any CPU
		{A60455EB-524F-416C-B437-E4AB8A7CC7C7}.Debug|Any CPU.Build.0 = Debug|Any CPU
		{A60455EB-524F-416C-B437-E4AB8A7CC7C7}.Release|Any CPU.ActiveCfg = Release|Any CPU
		{A60455EB-524F-416C-B437-E4AB8A7CC7C7}.Release|Any CPU.Build.0 = Release|Any CPU
		{238106A5-A0C3-48DC-9EB2-4553EE63492B}.Debug|Any CPU.ActiveCfg = Debug|Any CPU
		{238106A5-A0C3-48DC-9EB2-4553EE63492B}.Debug|Any CPU.Build.0 = Debug|Any CPU
		{238106A5-A0C3-48DC-9EB2-4553EE63492B}.Release|Any CPU.ActiveCfg = Release|Any CPU
		{238106A5-A0C3-48DC-9EB2-4553EE63492B}.Release|Any CPU.Build.0 = Release|Any CPU
		{1BFF1CB5-2452-47A2-AAF4-C691B37AADCC}.Debug|Any CPU.ActiveCfg = Debug|Any CPU
		{1BFF1CB5-2452-47A2-AAF4-C691B37AADCC}.Debug|Any CPU.Build.0 = Debug|Any CPU
		{1BFF1CB5-2452-47A2-AAF4-C691B37AADCC}.Release|Any CPU.ActiveCfg = Release|Any CPU
		{1BFF1CB5-2452-47A2-AAF4-C691B37AADCC}.Release|Any CPU.Build.0 = Release|Any CPU
		{68E1DBA8-B576-4BFD-A6B9-E2E20E022E4D}.Debug|Any CPU.ActiveCfg = Debug|Any CPU
		{68E1DBA8-B576-4BFD-A6B9-E2E20E022E4D}.Debug|Any CPU.Build.0 = Debug|Any CPU
		{68E1DBA8-B576-4BFD-A6B9-E2E20E022E4D}.Release|Any CPU.ActiveCfg = Release|Any CPU
		{68E1DBA8-B576-4BFD-A6B9-E2E20E022E4D}.Release|Any CPU.Build.0 = Release|Any CPU
		{C1CB120F-3388-492B-8D8D-6852F6D39F85}.Debug|Any CPU.ActiveCfg = Debug|Any CPU
		{C1CB120F-3388-492B-8D8D-6852F6D39F85}.Debug|Any CPU.Build.0 = Debug|Any CPU
		{C1CB120F-3388-492B-8D8D-6852F6D39F85}.Release|Any CPU.ActiveCfg = Release|Any CPU
		{C1CB120F-3388-492B-8D8D-6852F6D39F85}.Release|Any CPU.Build.0 = Release|Any CPU
		{E25A8394-F526-4748-8661-732A8D621886}.Debug|Any CPU.ActiveCfg = Debug|Any CPU
		{E25A8394-F526-4748-8661-732A8D621886}.Debug|Any CPU.Build.0 = Debug|Any CPU
		{E25A8394-F526-4748-8661-732A8D621886}.Release|Any CPU.ActiveCfg = Release|Any CPU
		{E25A8394-F526-4748-8661-732A8D621886}.Release|Any CPU.Build.0 = Release|Any CPU
		{B5B68CE1-8740-4578-945F-25B8098E6AC0}.Debug|Any CPU.ActiveCfg = Debug|Any CPU
		{B5B68CE1-8740-4578-945F-25B8098E6AC0}.Debug|Any CPU.Build.0 = Debug|Any CPU
		{B5B68CE1-8740-4578-945F-25B8098E6AC0}.Release|Any CPU.ActiveCfg = Release|Any CPU
		{B5B68CE1-8740-4578-945F-25B8098E6AC0}.Release|Any CPU.Build.0 = Release|Any CPU
		{140AF360-B57F-421A-9845-245C69A1BC15}.Debug|Any CPU.ActiveCfg = Debug|Any CPU
		{140AF360-B57F-421A-9845-245C69A1BC15}.Debug|Any CPU.Build.0 = Debug|Any CPU
		{140AF360-B57F-421A-9845-245C69A1BC15}.Release|Any CPU.ActiveCfg = Release|Any CPU
		{140AF360-B57F-421A-9845-245C69A1BC15}.Release|Any CPU.Build.0 = Release|Any CPU
		{30ABFE06-6952-4481-A84C-E97538E3D493}.Debug|Any CPU.ActiveCfg = Debug|Any CPU
		{30ABFE06-6952-4481-A84C-E97538E3D493}.Debug|Any CPU.Build.0 = Debug|Any CPU
		{30ABFE06-6952-4481-A84C-E97538E3D493}.Release|Any CPU.ActiveCfg = Release|Any CPU
		{30ABFE06-6952-4481-A84C-E97538E3D493}.Release|Any CPU.Build.0 = Release|Any CPU
		{E4CF4C2C-E8BD-45A1-B501-D2502F2C2983}.Debug|Any CPU.ActiveCfg = Debug|Any CPU
		{E4CF4C2C-E8BD-45A1-B501-D2502F2C2983}.Debug|Any CPU.Build.0 = Debug|Any CPU
		{E4CF4C2C-E8BD-45A1-B501-D2502F2C2983}.Release|Any CPU.ActiveCfg = Release|Any CPU
		{E4CF4C2C-E8BD-45A1-B501-D2502F2C2983}.Release|Any CPU.Build.0 = Release|Any CPU
		{55AC78DF-CD5B-48D5-90E6-C7AA0DC46F65}.Debug|Any CPU.ActiveCfg = Debug|Any CPU
		{55AC78DF-CD5B-48D5-90E6-C7AA0DC46F65}.Debug|Any CPU.Build.0 = Debug|Any CPU
		{55AC78DF-CD5B-48D5-90E6-C7AA0DC46F65}.Release|Any CPU.ActiveCfg = Release|Any CPU
		{55AC78DF-CD5B-48D5-90E6-C7AA0DC46F65}.Release|Any CPU.Build.0 = Release|Any CPU
		{9A713A0F-65E2-494C-B770-42A9E7BAA953}.Debug|Any CPU.ActiveCfg = Debug|Any CPU
		{9A713A0F-65E2-494C-B770-42A9E7BAA953}.Debug|Any CPU.Build.0 = Debug|Any CPU
		{9A713A0F-65E2-494C-B770-42A9E7BAA953}.Release|Any CPU.ActiveCfg = Release|Any CPU
		{9A713A0F-65E2-494C-B770-42A9E7BAA953}.Release|Any CPU.Build.0 = Release|Any CPU
		{57DC1090-B779-482B-9590-219B724B03AE}.Debug|Any CPU.ActiveCfg = Debug|Any CPU
		{57DC1090-B779-482B-9590-219B724B03AE}.Debug|Any CPU.Build.0 = Debug|Any CPU
		{57DC1090-B779-482B-9590-219B724B03AE}.Release|Any CPU.ActiveCfg = Release|Any CPU
		{57DC1090-B779-482B-9590-219B724B03AE}.Release|Any CPU.Build.0 = Release|Any CPU
		{32E7657C-E587-4E7B-9DC9-9B94711C818C}.Debug|Any CPU.ActiveCfg = Debug|Any CPU
		{32E7657C-E587-4E7B-9DC9-9B94711C818C}.Debug|Any CPU.Build.0 = Debug|Any CPU
		{32E7657C-E587-4E7B-9DC9-9B94711C818C}.Release|Any CPU.ActiveCfg = Release|Any CPU
		{32E7657C-E587-4E7B-9DC9-9B94711C818C}.Release|Any CPU.Build.0 = Release|Any CPU
		{C6BF89BB-F7E6-4529-A9EC-75A67A495BE5}.Debug|Any CPU.ActiveCfg = Debug|Any CPU
		{C6BF89BB-F7E6-4529-A9EC-75A67A495BE5}.Debug|Any CPU.Build.0 = Debug|Any CPU
		{C6BF89BB-F7E6-4529-A9EC-75A67A495BE5}.Release|Any CPU.ActiveCfg = Release|Any CPU
		{C6BF89BB-F7E6-4529-A9EC-75A67A495BE5}.Release|Any CPU.Build.0 = Release|Any CPU
		{6AEC134D-C64A-4EE7-A59A-0C11632C8A8C}.Debug|Any CPU.ActiveCfg = Debug|Any CPU
		{6AEC134D-C64A-4EE7-A59A-0C11632C8A8C}.Debug|Any CPU.Build.0 = Debug|Any CPU
		{6AEC134D-C64A-4EE7-A59A-0C11632C8A8C}.Release|Any CPU.ActiveCfg = Release|Any CPU
		{6AEC134D-C64A-4EE7-A59A-0C11632C8A8C}.Release|Any CPU.Build.0 = Release|Any CPU
		{BFB82646-25C5-4FC6-936B-C398E7DA2B8F}.Debug|Any CPU.ActiveCfg = Debug|Any CPU
		{BFB82646-25C5-4FC6-936B-C398E7DA2B8F}.Debug|Any CPU.Build.0 = Debug|Any CPU
		{BFB82646-25C5-4FC6-936B-C398E7DA2B8F}.Release|Any CPU.ActiveCfg = Release|Any CPU
		{BFB82646-25C5-4FC6-936B-C398E7DA2B8F}.Release|Any CPU.Build.0 = Release|Any CPU
		{B223DB95-4AF5-4F61-89F1-EC384739F25E}.Debug|Any CPU.ActiveCfg = Debug|Any CPU
		{B223DB95-4AF5-4F61-89F1-EC384739F25E}.Debug|Any CPU.Build.0 = Debug|Any CPU
		{B223DB95-4AF5-4F61-89F1-EC384739F25E}.Release|Any CPU.ActiveCfg = Release|Any CPU
		{B223DB95-4AF5-4F61-89F1-EC384739F25E}.Release|Any CPU.Build.0 = Release|Any CPU
	EndGlobalSection
	GlobalSection(SolutionProperties) = preSolution
		HideSolutionNode = FALSE
	EndGlobalSection
	GlobalSection(NestedProjects) = preSolution
		{0C64BCCA-3D6D-487D-BE27-09659B403C67} = {B7C7EC20-8B78-4D40-84B3-A69814513653}
		{9F08E341-F3E8-4670-8F92-C616862E5A90} = {B7C7EC20-8B78-4D40-84B3-A69814513653}
		{657B9BD6-A0DB-456E-9270-1C5E3253A577} = {B7C7EC20-8B78-4D40-84B3-A69814513653}
		{C119F655-DF86-424D-A9E0-04C55AD0CA03} = {B7C7EC20-8B78-4D40-84B3-A69814513653}
		{64AEADC2-74DC-426A-AF85-162F32653F02} = {B7C7EC20-8B78-4D40-84B3-A69814513653}
		{2E472524-4736-4F5E-8D6C-8DA91D60F0B1} = {B7C7EC20-8B78-4D40-84B3-A69814513653}
		{2946A767-476F-4DE9-8DCC-5F723236E049} = {B7C7EC20-8B78-4D40-84B3-A69814513653}
		{A60455EB-524F-416C-B437-E4AB8A7CC7C7} = {B7C7EC20-8B78-4D40-84B3-A69814513653}
		{238106A5-A0C3-48DC-9EB2-4553EE63492B} = {B7C7EC20-8B78-4D40-84B3-A69814513653}
		{1BFF1CB5-2452-47A2-AAF4-C691B37AADCC} = {B7C7EC20-8B78-4D40-84B3-A69814513653}
		{68E1DBA8-B576-4BFD-A6B9-E2E20E022E4D} = {B7C7EC20-8B78-4D40-84B3-A69814513653}
		{C1CB120F-3388-492B-8D8D-6852F6D39F85} = {B7C7EC20-8B78-4D40-84B3-A69814513653}
		{E25A8394-F526-4748-8661-732A8D621886} = {B7C7EC20-8B78-4D40-84B3-A69814513653}
		{B5B68CE1-8740-4578-945F-25B8098E6AC0} = {B7C7EC20-8B78-4D40-84B3-A69814513653}
		{140AF360-B57F-421A-9845-245C69A1BC15} = {B7C7EC20-8B78-4D40-84B3-A69814513653}
		{30ABFE06-6952-4481-A84C-E97538E3D493} = {B7C7EC20-8B78-4D40-84B3-A69814513653}
		{E4CF4C2C-E8BD-45A1-B501-D2502F2C2983} = {B7C7EC20-8B78-4D40-84B3-A69814513653}
		{55AC78DF-CD5B-48D5-90E6-C7AA0DC46F65} = {B7C7EC20-8B78-4D40-84B3-A69814513653}
		{9A713A0F-65E2-494C-B770-42A9E7BAA953} = {B7C7EC20-8B78-4D40-84B3-A69814513653}
		{57DC1090-B779-482B-9590-219B724B03AE} = {B7C7EC20-8B78-4D40-84B3-A69814513653}
		{32E7657C-E587-4E7B-9DC9-9B94711C818C} = {B7C7EC20-8B78-4D40-84B3-A69814513653}
		{C6BF89BB-F7E6-4529-A9EC-75A67A495BE5} = {B7C7EC20-8B78-4D40-84B3-A69814513653}
		{6AEC134D-C64A-4EE7-A59A-0C11632C8A8C} = {B7C7EC20-8B78-4D40-84B3-A69814513653}
		{BFB82646-25C5-4FC6-936B-C398E7DA2B8F} = {B7C7EC20-8B78-4D40-84B3-A69814513653}
		{B223DB95-4AF5-4F61-89F1-EC384739F25E} = {B7C7EC20-8B78-4D40-84B3-A69814513653}
	EndGlobalSection
	GlobalSection(ExtensibilityGlobals) = postSolution
		SolutionGuid = {6D709C28-F808-4010-8A44-AEA72BE063C5}
	EndGlobalSection
EndGlobal
